// !$*UTF8*$!
{
	archiveVersion = 1;
	classes = {
	};
	objectVersion = 54;
	objects = {

/* Begin PBXBuildFile section */
		00E356F31AD99517003FC87E /* cheferTests.m in Sources */ = {isa = PBXBuildFile; fileRef = 00E356F21AD99517003FC87E /* cheferTests.m */; };
		0C80B921A6F3F58F76C31292 /* libPods-chefer.a in Frameworks */ = {isa = PBXBuildFile; fileRef = 5DCACB8F33CDC322A6C60F78 /* libPods-chefer.a */; };
		13B07FBC1A68108700A75B9A /* AppDelegate.mm in Sources */ = {isa = PBXBuildFile; fileRef = 13B07FB01A68108700A75B9A /* AppDelegate.mm */; };
		13B07FBF1A68108700A75B9A /* Images.xcassets in Resources */ = {isa = PBXBuildFile; fileRef = 13B07FB51A68108700A75B9A /* Images.xcassets */; };
		13B07FC11A68108700A75B9A /* main.m in Sources */ = {isa = PBXBuildFile; fileRef = 13B07FB71A68108700A75B9A /* main.m */; };
		7699B88040F8A987B510C191 /* libPods-chefer-cheferTests.a in Frameworks */ = {isa = PBXBuildFile; fileRef = 19F6CBCC0A4E27FBF8BF4A61 /* libPods-chefer-cheferTests.a */; };
		81AB9BB82411601600AC10FF /* LaunchScreen.storyboard in Resources */ = {isa = PBXBuildFile; fileRef = 81AB9BB72411601600AC10FF /* LaunchScreen.storyboard */; };
		217F51F3B1DE4C5FB049E4C3 /* Cookie-Regular.ttf in Resources */ = {isa = PBXBuildFile; fileRef = 7210E9E41F6742F888D3365E /* Cookie-Regular.ttf */; };
		2F0ECE683C0142E083CC051A /* Bitter-Black.ttf in Resources */ = {isa = PBXBuildFile; fileRef = 5F30C80788D940C0939B2598 /* Bitter-Black.ttf */; };
		296ABB6AF9FD4BB88550C2DB /* Bitter-BlackItalic.ttf in Resources */ = {isa = PBXBuildFile; fileRef = E1DC8D91A7FC4C61960BF083 /* Bitter-BlackItalic.ttf */; };
		52EB176856C249B4B3227DE6 /* Bitter-Bold.ttf in Resources */ = {isa = PBXBuildFile; fileRef = 67CD7E9321FA482AB5144EA0 /* Bitter-Bold.ttf */; };
		F4684AA2587F4FBB9DBD5BF0 /* Bitter-BoldItalic.ttf in Resources */ = {isa = PBXBuildFile; fileRef = 73951AFAE6B041FF82008DC3 /* Bitter-BoldItalic.ttf */; };
		D68E272EA9F5494885108559 /* Bitter-ExtraBold.ttf in Resources */ = {isa = PBXBuildFile; fileRef = 2228E55997C64338B6A8C716 /* Bitter-ExtraBold.ttf */; };
		DC369D0ACA284804A194AA94 /* Bitter-ExtraBoldItalic.ttf in Resources */ = {isa = PBXBuildFile; fileRef = E23A63A191A444108AE7CC90 /* Bitter-ExtraBoldItalic.ttf */; };
		25C49C6F2CFF4A2EB59FF539 /* Bitter-ExtraLight.ttf in Resources */ = {isa = PBXBuildFile; fileRef = 185E0BAEAD524F18AC848E17 /* Bitter-ExtraLight.ttf */; };
		CAC5194DA3FA4038AFDA01F0 /* Bitter-ExtraLightItalic.ttf in Resources */ = {isa = PBXBuildFile; fileRef = 4E1A1482801D4035ADC94BFD /* Bitter-ExtraLightItalic.ttf */; };
		EA2247674D71418E97454519 /* Bitter-Italic.ttf in Resources */ = {isa = PBXBuildFile; fileRef = 6BD7DE5D28574AA7BBEF873D /* Bitter-Italic.ttf */; };
		A870C646CE6247AB8351F69C /* Bitter-Light.ttf in Resources */ = {isa = PBXBuildFile; fileRef = 988731EAE58D49BDBBC88D0C /* Bitter-Light.ttf */; };
		4B48287E705B4EAB9E39780F /* Bitter-LightItalic.ttf in Resources */ = {isa = PBXBuildFile; fileRef = ECF1BF0A077345D893E2CF7E /* Bitter-LightItalic.ttf */; };
		5536D2FA19E943BC90E53057 /* Bitter-Medium.ttf in Resources */ = {isa = PBXBuildFile; fileRef = 8DC4EF26ED2A42299F7933BF /* Bitter-Medium.ttf */; };
		C7B9D6E371804101BB87A835 /* Bitter-MediumItalic.ttf in Resources */ = {isa = PBXBuildFile; fileRef = 8E7AFCA754B446DF8FD9640D /* Bitter-MediumItalic.ttf */; };
		590383A557A14C72969AF429 /* Bitter-Regular.ttf in Resources */ = {isa = PBXBuildFile; fileRef = 9D759FD93DC04560A7CAA655 /* Bitter-Regular.ttf */; };
		ED0E36DCDEA04C01AF1F0E24 /* Bitter-SemiBold.ttf in Resources */ = {isa = PBXBuildFile; fileRef = BE3F561A078446A1BE433206 /* Bitter-SemiBold.ttf */; };
		F1402F731AC948E68C93121F /* Bitter-SemiBoldItalic.ttf in Resources */ = {isa = PBXBuildFile; fileRef = 4E5561840F35482A97FB27B3 /* Bitter-SemiBoldItalic.ttf */; };
		424A7DF3CB364D4F85174DD9 /* Bitter-Thin.ttf in Resources */ = {isa = PBXBuildFile; fileRef = 4AC844D41C00495E936334D4 /* Bitter-Thin.ttf */; };
		5791F8AD24FF4A629153C0D0 /* Bitter-ThinItalic.ttf in Resources */ = {isa = PBXBuildFile; fileRef = B77F431D9A9544359BAABCF9 /* Bitter-ThinItalic.ttf */; };
		A1ADC8874B0542DABD3CD14D /* PlayfairDisplay-Black.ttf in Resources */ = {isa = PBXBuildFile; fileRef = 1B79E586E5B34037A4DA63C2 /* PlayfairDisplay-Black.ttf */; };
		2C3FDE4A136C4658A335146A /* PlayfairDisplay-BlackItalic.ttf in Resources */ = {isa = PBXBuildFile; fileRef = A9033155C16F4BF59C5115C5 /* PlayfairDisplay-BlackItalic.ttf */; };
		032639754D7F4147A5BAB8F2 /* PlayfairDisplay-Bold.ttf in Resources */ = {isa = PBXBuildFile; fileRef = 0348CF7A00F7435C943756C4 /* PlayfairDisplay-Bold.ttf */; };
		5D3A558DC4A04E5D84A7FDC2 /* PlayfairDisplay-BoldItalic.ttf in Resources */ = {isa = PBXBuildFile; fileRef = F0B02404F95D4E5CA8B37B8E /* PlayfairDisplay-BoldItalic.ttf */; };
		47BA9DD1D15B4A0B90722735 /* PlayfairDisplay-ExtraBold.ttf in Resources */ = {isa = PBXBuildFile; fileRef = EE06BCFCFEF44673B28A3DBF /* PlayfairDisplay-ExtraBold.ttf */; };
		F8E96F2828A0489E93FA0A17 /* PlayfairDisplay-ExtraBoldItalic.ttf in Resources */ = {isa = PBXBuildFile; fileRef = 9907EBA0EAEB44ABB8390ED8 /* PlayfairDisplay-ExtraBoldItalic.ttf */; };
		E444945EBC104CD5B6D1A828 /* PlayfairDisplay-Italic.ttf in Resources */ = {isa = PBXBuildFile; fileRef = 7A9C5A6EA8B3472B81B46FB3 /* PlayfairDisplay-Italic.ttf */; };
		9AB156626C414C74A7ECD68A /* PlayfairDisplay-Medium.ttf in Resources */ = {isa = PBXBuildFile; fileRef = 7CEE66A49AEC48DB9EFA485F /* PlayfairDisplay-Medium.ttf */; };
		02BA7AEA8B43472C92A6FB28 /* PlayfairDisplay-MediumItalic.ttf in Resources */ = {isa = PBXBuildFile; fileRef = 4BDCCA11AC514756A013DDA6 /* PlayfairDisplay-MediumItalic.ttf */; };
		2EF091F3634E46D4BD6F6084 /* PlayfairDisplay-Regular.ttf in Resources */ = {isa = PBXBuildFile; fileRef = 78A1C3A20ABA4BAD9DF755FA /* PlayfairDisplay-Regular.ttf */; };
		A0A3414212C1456CAA7955B1 /* PlayfairDisplay-SemiBold.ttf in Resources */ = {isa = PBXBuildFile; fileRef = B89A69B0553A4613AA445A0E /* PlayfairDisplay-SemiBold.ttf */; };
		B6DA55B50ACB4A539BE5CC59 /* PlayfairDisplay-SemiBoldItalic.ttf in Resources */ = {isa = PBXBuildFile; fileRef = F0D947F01E1843B3A99444FD /* PlayfairDisplay-SemiBoldItalic.ttf */; };
		61F0E41712A2484C87161E19 /* chef_hat.png in Resources */ = {isa = PBXBuildFile; fileRef = 8B45C6B0CDC44831B1B1B7D7 /* chef_hat.png */; };
/* End PBXBuildFile section */

/* Begin PBXContainerItemProxy section */
		00E356F41AD99517003FC87E /* PBXContainerItemProxy */ = {
			isa = PBXContainerItemProxy;
			containerPortal = 83CBB9F71A601CBA00E9B192 /* Project object */;
			proxyType = 1;
			remoteGlobalIDString = 13B07F861A680F5B00A75B9A;
			remoteInfo = chefer;
		};
/* End PBXContainerItemProxy section */

/* Begin PBXFileReference section */
		00E356EE1AD99517003FC87E /* cheferTests.xctest */ = {isa = PBXFileReference; explicitFileType = wrapper.cfbundle; includeInIndex = 0; path = cheferTests.xctest; sourceTree = BUILT_PRODUCTS_DIR; };
		00E356F11AD99517003FC87E /* Info.plist */ = {isa = PBXFileReference; lastKnownFileType = text.plist.xml; path = Info.plist; sourceTree = "<group>"; };
		00E356F21AD99517003FC87E /* cheferTests.m */ = {isa = PBXFileReference; lastKnownFileType = sourcecode.c.objc; path = cheferTests.m; sourceTree = "<group>"; };
		13B07F961A680F5B00A75B9A /* chefer.app */ = {isa = PBXFileReference; explicitFileType = wrapper.application; includeInIndex = 0; path = chefer.app; sourceTree = BUILT_PRODUCTS_DIR; };
		13B07FAF1A68108700A75B9A /* AppDelegate.h */ = {isa = PBXFileReference; fileEncoding = 4; lastKnownFileType = sourcecode.c.h; name = AppDelegate.h; path = chefer/AppDelegate.h; sourceTree = "<group>"; };
		13B07FB01A68108700A75B9A /* AppDelegate.mm */ = {isa = PBXFileReference; fileEncoding = 4; lastKnownFileType = sourcecode.cpp.objcpp; name = AppDelegate.mm; path = chefer/AppDelegate.mm; sourceTree = "<group>"; };
		13B07FB51A68108700A75B9A /* Images.xcassets */ = {isa = PBXFileReference; lastKnownFileType = folder.assetcatalog; name = Images.xcassets; path = chefer/Images.xcassets; sourceTree = "<group>"; };
		13B07FB61A68108700A75B9A /* Info.plist */ = {isa = PBXFileReference; fileEncoding = 4; lastKnownFileType = text.plist.xml; name = Info.plist; path = chefer/Info.plist; sourceTree = "<group>"; };
		13B07FB71A68108700A75B9A /* main.m */ = {isa = PBXFileReference; fileEncoding = 4; lastKnownFileType = sourcecode.c.objc; name = main.m; path = chefer/main.m; sourceTree = "<group>"; };
		19F6CBCC0A4E27FBF8BF4A61 /* libPods-chefer-cheferTests.a */ = {isa = PBXFileReference; explicitFileType = archive.ar; includeInIndex = 0; path = "libPods-chefer-cheferTests.a"; sourceTree = BUILT_PRODUCTS_DIR; };
		3B4392A12AC88292D35C810B /* Pods-chefer.debug.xcconfig */ = {isa = PBXFileReference; includeInIndex = 1; lastKnownFileType = text.xcconfig; name = "Pods-chefer.debug.xcconfig"; path = "Target Support Files/Pods-chefer/Pods-chefer.debug.xcconfig"; sourceTree = "<group>"; };
		5709B34CF0A7D63546082F79 /* Pods-chefer.release.xcconfig */ = {isa = PBXFileReference; includeInIndex = 1; lastKnownFileType = text.xcconfig; name = "Pods-chefer.release.xcconfig"; path = "Target Support Files/Pods-chefer/Pods-chefer.release.xcconfig"; sourceTree = "<group>"; };
		5B7EB9410499542E8C5724F5 /* Pods-chefer-cheferTests.debug.xcconfig */ = {isa = PBXFileReference; includeInIndex = 1; lastKnownFileType = text.xcconfig; name = "Pods-chefer-cheferTests.debug.xcconfig"; path = "Target Support Files/Pods-chefer-cheferTests/Pods-chefer-cheferTests.debug.xcconfig"; sourceTree = "<group>"; };
		5DCACB8F33CDC322A6C60F78 /* libPods-chefer.a */ = {isa = PBXFileReference; explicitFileType = archive.ar; includeInIndex = 0; path = "libPods-chefer.a"; sourceTree = BUILT_PRODUCTS_DIR; };
		81AB9BB72411601600AC10FF /* LaunchScreen.storyboard */ = {isa = PBXFileReference; fileEncoding = 4; lastKnownFileType = file.storyboard; name = LaunchScreen.storyboard; path = chefer/LaunchScreen.storyboard; sourceTree = "<group>"; };
		89C6BE57DB24E9ADA2F236DE /* Pods-chefer-cheferTests.release.xcconfig */ = {isa = PBXFileReference; includeInIndex = 1; lastKnownFileType = text.xcconfig; name = "Pods-chefer-cheferTests.release.xcconfig"; path = "Target Support Files/Pods-chefer-cheferTests/Pods-chefer-cheferTests.release.xcconfig"; sourceTree = "<group>"; };
		ED297162215061F000B7C4FE /* JavaScriptCore.framework */ = {isa = PBXFileReference; lastKnownFileType = wrapper.framework; name = JavaScriptCore.framework; path = System/Library/Frameworks/JavaScriptCore.framework; sourceTree = SDKROOT; };
		7210E9E41F6742F888D3365E /* Cookie-Regular.ttf */ = {isa = PBXFileReference; name = "Cookie-Regular.ttf"; path = "../src/assets/fonts/Cookie-Regular.ttf"; sourceTree = "<group>"; fileEncoding = undefined; lastKnownFileType = unknown; explicitFileType = undefined; includeInIndex = 0; };
		5F30C80788D940C0939B2598 /* Bitter-Black.ttf */ = {isa = PBXFileReference; name = "Bitter-Black.ttf"; path = "../src/assets/fonts/Bitter-Black.ttf"; sourceTree = "<group>"; fileEncoding = undefined; lastKnownFileType = unknown; explicitFileType = undefined; includeInIndex = 0; };
		E1DC8D91A7FC4C61960BF083 /* Bitter-BlackItalic.ttf */ = {isa = PBXFileReference; name = "Bitter-BlackItalic.ttf"; path = "../src/assets/fonts/Bitter-BlackItalic.ttf"; sourceTree = "<group>"; fileEncoding = undefined; lastKnownFileType = unknown; explicitFileType = undefined; includeInIndex = 0; };
		67CD7E9321FA482AB5144EA0 /* Bitter-Bold.ttf */ = {isa = PBXFileReference; name = "Bitter-Bold.ttf"; path = "../src/assets/fonts/Bitter-Bold.ttf"; sourceTree = "<group>"; fileEncoding = undefined; lastKnownFileType = unknown; explicitFileType = undefined; includeInIndex = 0; };
		73951AFAE6B041FF82008DC3 /* Bitter-BoldItalic.ttf */ = {isa = PBXFileReference; name = "Bitter-BoldItalic.ttf"; path = "../src/assets/fonts/Bitter-BoldItalic.ttf"; sourceTree = "<group>"; fileEncoding = undefined; lastKnownFileType = unknown; explicitFileType = undefined; includeInIndex = 0; };
		2228E55997C64338B6A8C716 /* Bitter-ExtraBold.ttf */ = {isa = PBXFileReference; name = "Bitter-ExtraBold.ttf"; path = "../src/assets/fonts/Bitter-ExtraBold.ttf"; sourceTree = "<group>"; fileEncoding = undefined; lastKnownFileType = unknown; explicitFileType = undefined; includeInIndex = 0; };
		E23A63A191A444108AE7CC90 /* Bitter-ExtraBoldItalic.ttf */ = {isa = PBXFileReference; name = "Bitter-ExtraBoldItalic.ttf"; path = "../src/assets/fonts/Bitter-ExtraBoldItalic.ttf"; sourceTree = "<group>"; fileEncoding = undefined; lastKnownFileType = unknown; explicitFileType = undefined; includeInIndex = 0; };
		185E0BAEAD524F18AC848E17 /* Bitter-ExtraLight.ttf */ = {isa = PBXFileReference; name = "Bitter-ExtraLight.ttf"; path = "../src/assets/fonts/Bitter-ExtraLight.ttf"; sourceTree = "<group>"; fileEncoding = undefined; lastKnownFileType = unknown; explicitFileType = undefined; includeInIndex = 0; };
		4E1A1482801D4035ADC94BFD /* Bitter-ExtraLightItalic.ttf */ = {isa = PBXFileReference; name = "Bitter-ExtraLightItalic.ttf"; path = "../src/assets/fonts/Bitter-ExtraLightItalic.ttf"; sourceTree = "<group>"; fileEncoding = undefined; lastKnownFileType = unknown; explicitFileType = undefined; includeInIndex = 0; };
		6BD7DE5D28574AA7BBEF873D /* Bitter-Italic.ttf */ = {isa = PBXFileReference; name = "Bitter-Italic.ttf"; path = "../src/assets/fonts/Bitter-Italic.ttf"; sourceTree = "<group>"; fileEncoding = undefined; lastKnownFileType = unknown; explicitFileType = undefined; includeInIndex = 0; };
		988731EAE58D49BDBBC88D0C /* Bitter-Light.ttf */ = {isa = PBXFileReference; name = "Bitter-Light.ttf"; path = "../src/assets/fonts/Bitter-Light.ttf"; sourceTree = "<group>"; fileEncoding = undefined; lastKnownFileType = unknown; explicitFileType = undefined; includeInIndex = 0; };
		ECF1BF0A077345D893E2CF7E /* Bitter-LightItalic.ttf */ = {isa = PBXFileReference; name = "Bitter-LightItalic.ttf"; path = "../src/assets/fonts/Bitter-LightItalic.ttf"; sourceTree = "<group>"; fileEncoding = undefined; lastKnownFileType = unknown; explicitFileType = undefined; includeInIndex = 0; };
		8DC4EF26ED2A42299F7933BF /* Bitter-Medium.ttf */ = {isa = PBXFileReference; name = "Bitter-Medium.ttf"; path = "../src/assets/fonts/Bitter-Medium.ttf"; sourceTree = "<group>"; fileEncoding = undefined; lastKnownFileType = unknown; explicitFileType = undefined; includeInIndex = 0; };
		8E7AFCA754B446DF8FD9640D /* Bitter-MediumItalic.ttf */ = {isa = PBXFileReference; name = "Bitter-MediumItalic.ttf"; path = "../src/assets/fonts/Bitter-MediumItalic.ttf"; sourceTree = "<group>"; fileEncoding = undefined; lastKnownFileType = unknown; explicitFileType = undefined; includeInIndex = 0; };
		9D759FD93DC04560A7CAA655 /* Bitter-Regular.ttf */ = {isa = PBXFileReference; name = "Bitter-Regular.ttf"; path = "../src/assets/fonts/Bitter-Regular.ttf"; sourceTree = "<group>"; fileEncoding = undefined; lastKnownFileType = unknown; explicitFileType = undefined; includeInIndex = 0; };
		BE3F561A078446A1BE433206 /* Bitter-SemiBold.ttf */ = {isa = PBXFileReference; name = "Bitter-SemiBold.ttf"; path = "../src/assets/fonts/Bitter-SemiBold.ttf"; sourceTree = "<group>"; fileEncoding = undefined; lastKnownFileType = unknown; explicitFileType = undefined; includeInIndex = 0; };
		4E5561840F35482A97FB27B3 /* Bitter-SemiBoldItalic.ttf */ = {isa = PBXFileReference; name = "Bitter-SemiBoldItalic.ttf"; path = "../src/assets/fonts/Bitter-SemiBoldItalic.ttf"; sourceTree = "<group>"; fileEncoding = undefined; lastKnownFileType = unknown; explicitFileType = undefined; includeInIndex = 0; };
		4AC844D41C00495E936334D4 /* Bitter-Thin.ttf */ = {isa = PBXFileReference; name = "Bitter-Thin.ttf"; path = "../src/assets/fonts/Bitter-Thin.ttf"; sourceTree = "<group>"; fileEncoding = undefined; lastKnownFileType = unknown; explicitFileType = undefined; includeInIndex = 0; };
		B77F431D9A9544359BAABCF9 /* Bitter-ThinItalic.ttf */ = {isa = PBXFileReference; name = "Bitter-ThinItalic.ttf"; path = "../src/assets/fonts/Bitter-ThinItalic.ttf"; sourceTree = "<group>"; fileEncoding = undefined; lastKnownFileType = unknown; explicitFileType = undefined; includeInIndex = 0; };
		1B79E586E5B34037A4DA63C2 /* PlayfairDisplay-Black.ttf */ = {isa = PBXFileReference; name = "PlayfairDisplay-Black.ttf"; path = "../src/assets/fonts/PlayfairDisplay-Black.ttf"; sourceTree = "<group>"; fileEncoding = undefined; lastKnownFileType = unknown; explicitFileType = undefined; includeInIndex = 0; };
		A9033155C16F4BF59C5115C5 /* PlayfairDisplay-BlackItalic.ttf */ = {isa = PBXFileReference; name = "PlayfairDisplay-BlackItalic.ttf"; path = "../src/assets/fonts/PlayfairDisplay-BlackItalic.ttf"; sourceTree = "<group>"; fileEncoding = undefined; lastKnownFileType = unknown; explicitFileType = undefined; includeInIndex = 0; };
		0348CF7A00F7435C943756C4 /* PlayfairDisplay-Bold.ttf */ = {isa = PBXFileReference; name = "PlayfairDisplay-Bold.ttf"; path = "../src/assets/fonts/PlayfairDisplay-Bold.ttf"; sourceTree = "<group>"; fileEncoding = undefined; lastKnownFileType = unknown; explicitFileType = undefined; includeInIndex = 0; };
		F0B02404F95D4E5CA8B37B8E /* PlayfairDisplay-BoldItalic.ttf */ = {isa = PBXFileReference; name = "PlayfairDisplay-BoldItalic.ttf"; path = "../src/assets/fonts/PlayfairDisplay-BoldItalic.ttf"; sourceTree = "<group>"; fileEncoding = undefined; lastKnownFileType = unknown; explicitFileType = undefined; includeInIndex = 0; };
		EE06BCFCFEF44673B28A3DBF /* PlayfairDisplay-ExtraBold.ttf */ = {isa = PBXFileReference; name = "PlayfairDisplay-ExtraBold.ttf"; path = "../src/assets/fonts/PlayfairDisplay-ExtraBold.ttf"; sourceTree = "<group>"; fileEncoding = undefined; lastKnownFileType = unknown; explicitFileType = undefined; includeInIndex = 0; };
		9907EBA0EAEB44ABB8390ED8 /* PlayfairDisplay-ExtraBoldItalic.ttf */ = {isa = PBXFileReference; name = "PlayfairDisplay-ExtraBoldItalic.ttf"; path = "../src/assets/fonts/PlayfairDisplay-ExtraBoldItalic.ttf"; sourceTree = "<group>"; fileEncoding = undefined; lastKnownFileType = unknown; explicitFileType = undefined; includeInIndex = 0; };
		7A9C5A6EA8B3472B81B46FB3 /* PlayfairDisplay-Italic.ttf */ = {isa = PBXFileReference; name = "PlayfairDisplay-Italic.ttf"; path = "../src/assets/fonts/PlayfairDisplay-Italic.ttf"; sourceTree = "<group>"; fileEncoding = undefined; lastKnownFileType = unknown; explicitFileType = undefined; includeInIndex = 0; };
		7CEE66A49AEC48DB9EFA485F /* PlayfairDisplay-Medium.ttf */ = {isa = PBXFileReference; name = "PlayfairDisplay-Medium.ttf"; path = "../src/assets/fonts/PlayfairDisplay-Medium.ttf"; sourceTree = "<group>"; fileEncoding = undefined; lastKnownFileType = unknown; explicitFileType = undefined; includeInIndex = 0; };
		4BDCCA11AC514756A013DDA6 /* PlayfairDisplay-MediumItalic.ttf */ = {isa = PBXFileReference; name = "PlayfairDisplay-MediumItalic.ttf"; path = "../src/assets/fonts/PlayfairDisplay-MediumItalic.ttf"; sourceTree = "<group>"; fileEncoding = undefined; lastKnownFileType = unknown; explicitFileType = undefined; includeInIndex = 0; };
		78A1C3A20ABA4BAD9DF755FA /* PlayfairDisplay-Regular.ttf */ = {isa = PBXFileReference; name = "PlayfairDisplay-Regular.ttf"; path = "../src/assets/fonts/PlayfairDisplay-Regular.ttf"; sourceTree = "<group>"; fileEncoding = undefined; lastKnownFileType = unknown; explicitFileType = undefined; includeInIndex = 0; };
		B89A69B0553A4613AA445A0E /* PlayfairDisplay-SemiBold.ttf */ = {isa = PBXFileReference; name = "PlayfairDisplay-SemiBold.ttf"; path = "../src/assets/fonts/PlayfairDisplay-SemiBold.ttf"; sourceTree = "<group>"; fileEncoding = undefined; lastKnownFileType = unknown; explicitFileType = undefined; includeInIndex = 0; };
		F0D947F01E1843B3A99444FD /* PlayfairDisplay-SemiBoldItalic.ttf */ = {isa = PBXFileReference; name = "PlayfairDisplay-SemiBoldItalic.ttf"; path = "../src/assets/fonts/PlayfairDisplay-SemiBoldItalic.ttf"; sourceTree = "<group>"; fileEncoding = undefined; lastKnownFileType = unknown; explicitFileType = undefined; includeInIndex = 0; };
		8B45C6B0CDC44831B1B1B7D7 /* chef_hat.png */ = {isa = PBXFileReference; name = "chef_hat.png"; path = "../src/assets/images/chef_hat.png"; sourceTree = "<group>"; fileEncoding = undefined; lastKnownFileType = unknown; explicitFileType = undefined; includeInIndex = 0; };
/* End PBXFileReference section */

/* Begin PBXFrameworksBuildPhase section */
		00E356EB1AD99517003FC87E /* Frameworks */ = {
			isa = PBXFrameworksBuildPhase;
			buildActionMask = 2147483647;
			files = (
				7699B88040F8A987B510C191 /* libPods-chefer-cheferTests.a in Frameworks */,
			);
			runOnlyForDeploymentPostprocessing = 0;
		};
		13B07F8C1A680F5B00A75B9A /* Frameworks */ = {
			isa = PBXFrameworksBuildPhase;
			buildActionMask = 2147483647;
			files = (
				0C80B921A6F3F58F76C31292 /* libPods-chefer.a in Frameworks */,
			);
			runOnlyForDeploymentPostprocessing = 0;
		};
/* End PBXFrameworksBuildPhase section */

/* Begin PBXGroup section */
		00E356EF1AD99517003FC87E /* cheferTests */ = {
			isa = PBXGroup;
			children = (
				00E356F21AD99517003FC87E /* cheferTests.m */,
				00E356F01AD99517003FC87E /* Supporting Files */,
			);
			path = cheferTests;
			sourceTree = "<group>";
		};
		00E356F01AD99517003FC87E /* Supporting Files */ = {
			isa = PBXGroup;
			children = (
				00E356F11AD99517003FC87E /* Info.plist */,
			);
			name = "Supporting Files";
			sourceTree = "<group>";
		};
		13B07FAE1A68108700A75B9A /* chefer */ = {
			isa = PBXGroup;
			children = (
				13B07FAF1A68108700A75B9A /* AppDelegate.h */,
				13B07FB01A68108700A75B9A /* AppDelegate.mm */,
				13B07FB51A68108700A75B9A /* Images.xcassets */,
				13B07FB61A68108700A75B9A /* Info.plist */,
				81AB9BB72411601600AC10FF /* LaunchScreen.storyboard */,
				13B07FB71A68108700A75B9A /* main.m */,
			);
			name = chefer;
			sourceTree = "<group>";
		};
		2D16E6871FA4F8E400B85C8A /* Frameworks */ = {
			isa = PBXGroup;
			children = (
				ED297162215061F000B7C4FE /* JavaScriptCore.framework */,
				5DCACB8F33CDC322A6C60F78 /* libPods-chefer.a */,
				19F6CBCC0A4E27FBF8BF4A61 /* libPods-chefer-cheferTests.a */,
			);
			name = Frameworks;
			sourceTree = "<group>";
		};
		832341AE1AAA6A7D00B99B32 /* Libraries */ = {
			isa = PBXGroup;
			children = (
			);
			name = Libraries;
			sourceTree = "<group>";
		};
		83CBB9F61A601CBA00E9B192 = {
			isa = PBXGroup;
			children = (
				13B07FAE1A68108700A75B9A /* chefer */,
				832341AE1AAA6A7D00B99B32 /* Libraries */,
				00E356EF1AD99517003FC87E /* cheferTests */,
				83CBBA001A601CBA00E9B192 /* Products */,
				2D16E6871FA4F8E400B85C8A /* Frameworks */,
				BBD78D7AC51CEA395F1C20DB /* Pods */,
				9F780B2BA169460788B0F9DA /* Resources */,
			);
			indentWidth = 2;
			sourceTree = "<group>";
			tabWidth = 2;
			usesTabs = 0;
		};
		83CBBA001A601CBA00E9B192 /* Products */ = {
			isa = PBXGroup;
			children = (
				13B07F961A680F5B00A75B9A /* chefer.app */,
				00E356EE1AD99517003FC87E /* cheferTests.xctest */,
			);
			name = Products;
			sourceTree = "<group>";
		};
		BBD78D7AC51CEA395F1C20DB /* Pods */ = {
			isa = PBXGroup;
			children = (
				3B4392A12AC88292D35C810B /* Pods-chefer.debug.xcconfig */,
				5709B34CF0A7D63546082F79 /* Pods-chefer.release.xcconfig */,
				5B7EB9410499542E8C5724F5 /* Pods-chefer-cheferTests.debug.xcconfig */,
				89C6BE57DB24E9ADA2F236DE /* Pods-chefer-cheferTests.release.xcconfig */,
			);
			path = Pods;
			sourceTree = "<group>";
		};
		9F780B2BA169460788B0F9DA /* Resources */ = {
			isa = "PBXGroup";
			children = (
				7210E9E41F6742F888D3365E /* Cookie-Regular.ttf */,
				5F30C80788D940C0939B2598 /* Bitter-Black.ttf */,
				E1DC8D91A7FC4C61960BF083 /* Bitter-BlackItalic.ttf */,
				67CD7E9321FA482AB5144EA0 /* Bitter-Bold.ttf */,
				73951AFAE6B041FF82008DC3 /* Bitter-BoldItalic.ttf */,
				2228E55997C64338B6A8C716 /* Bitter-ExtraBold.ttf */,
				E23A63A191A444108AE7CC90 /* Bitter-ExtraBoldItalic.ttf */,
				185E0BAEAD524F18AC848E17 /* Bitter-ExtraLight.ttf */,
				4E1A1482801D4035ADC94BFD /* Bitter-ExtraLightItalic.ttf */,
				6BD7DE5D28574AA7BBEF873D /* Bitter-Italic.ttf */,
				988731EAE58D49BDBBC88D0C /* Bitter-Light.ttf */,
				ECF1BF0A077345D893E2CF7E /* Bitter-LightItalic.ttf */,
				8DC4EF26ED2A42299F7933BF /* Bitter-Medium.ttf */,
				8E7AFCA754B446DF8FD9640D /* Bitter-MediumItalic.ttf */,
				9D759FD93DC04560A7CAA655 /* Bitter-Regular.ttf */,
				BE3F561A078446A1BE433206 /* Bitter-SemiBold.ttf */,
				4E5561840F35482A97FB27B3 /* Bitter-SemiBoldItalic.ttf */,
				4AC844D41C00495E936334D4 /* Bitter-Thin.ttf */,
				B77F431D9A9544359BAABCF9 /* Bitter-ThinItalic.ttf */,
				1B79E586E5B34037A4DA63C2 /* PlayfairDisplay-Black.ttf */,
				A9033155C16F4BF59C5115C5 /* PlayfairDisplay-BlackItalic.ttf */,
				0348CF7A00F7435C943756C4 /* PlayfairDisplay-Bold.ttf */,
				F0B02404F95D4E5CA8B37B8E /* PlayfairDisplay-BoldItalic.ttf */,
				EE06BCFCFEF44673B28A3DBF /* PlayfairDisplay-ExtraBold.ttf */,
				9907EBA0EAEB44ABB8390ED8 /* PlayfairDisplay-ExtraBoldItalic.ttf */,
				7A9C5A6EA8B3472B81B46FB3 /* PlayfairDisplay-Italic.ttf */,
				7CEE66A49AEC48DB9EFA485F /* PlayfairDisplay-Medium.ttf */,
				4BDCCA11AC514756A013DDA6 /* PlayfairDisplay-MediumItalic.ttf */,
				78A1C3A20ABA4BAD9DF755FA /* PlayfairDisplay-Regular.ttf */,
				B89A69B0553A4613AA445A0E /* PlayfairDisplay-SemiBold.ttf */,
				F0D947F01E1843B3A99444FD /* PlayfairDisplay-SemiBoldItalic.ttf */,
				8B45C6B0CDC44831B1B1B7D7 /* chef_hat.png */,
			);
			name = Resources;
			sourceTree = "<group>";
			path = "";
		};
/* End PBXGroup section */

/* Begin PBXNativeTarget section */
		00E356ED1AD99517003FC87E /* cheferTests */ = {
			isa = PBXNativeTarget;
			buildConfigurationList = 00E357021AD99517003FC87E /* Build configuration list for PBXNativeTarget "cheferTests" */;
			buildPhases = (
				A55EABD7B0C7F3A422A6CC61 /* [CP] Check Pods Manifest.lock */,
				00E356EA1AD99517003FC87E /* Sources */,
				00E356EB1AD99517003FC87E /* Frameworks */,
				00E356EC1AD99517003FC87E /* Resources */,
				C59DA0FBD6956966B86A3779 /* [CP] Embed Pods Frameworks */,
				F6A41C54EA430FDDC6A6ED99 /* [CP] Copy Pods Resources */,
			);
			buildRules = (
			);
			dependencies = (
				00E356F51AD99517003FC87E /* PBXTargetDependency */,
			);
			name = cheferTests;
			productName = cheferTests;
			productReference = 00E356EE1AD99517003FC87E /* cheferTests.xctest */;
			productType = "com.apple.product-type.bundle.unit-test";
		};
		13B07F861A680F5B00A75B9A /* chefer */ = {
			isa = PBXNativeTarget;
			buildConfigurationList = 13B07F931A680F5B00A75B9A /* Build configuration list for PBXNativeTarget "chefer" */;
			buildPhases = (
				C38B50BA6285516D6DCD4F65 /* [CP] Check Pods Manifest.lock */,
				FD10A7F022414F080027D42C /* Start Packager */,
				13B07F871A680F5B00A75B9A /* Sources */,
				13B07F8C1A680F5B00A75B9A /* Frameworks */,
				13B07F8E1A680F5B00A75B9A /* Resources */,
				00DD1BFF1BD5951E006B06BC /* Bundle React Native code and images */,
				00EEFC60759A1932668264C0 /* [CP] Embed Pods Frameworks */,
				E235C05ADACE081382539298 /* [CP] Copy Pods Resources */,
			);
			buildRules = (
			);
			dependencies = (
			);
			name = chefer;
			productName = chefer;
			productReference = 13B07F961A680F5B00A75B9A /* chefer.app */;
			productType = "com.apple.product-type.application";
		};
/* End PBXNativeTarget section */

/* Begin PBXProject section */
		83CBB9F71A601CBA00E9B192 /* Project object */ = {
			isa = PBXProject;
			attributes = {
				LastUpgradeCheck = 1210;
				TargetAttributes = {
					00E356ED1AD99517003FC87E = {
						CreatedOnToolsVersion = 6.2;
						TestTargetID = 13B07F861A680F5B00A75B9A;
					};
					13B07F861A680F5B00A75B9A = {
						LastSwiftMigration = 1120;
					};
				};
			};
			buildConfigurationList = 83CBB9FA1A601CBA00E9B192 /* Build configuration list for PBXProject "chefer" */;
			compatibilityVersion = "Xcode 12.0";
			developmentRegion = en;
			hasScannedForEncodings = 0;
			knownRegions = (
				en,
				Base,
			);
			mainGroup = 83CBB9F61A601CBA00E9B192;
			productRefGroup = 83CBBA001A601CBA00E9B192 /* Products */;
			projectDirPath = "";
			projectRoot = "";
			targets = (
				13B07F861A680F5B00A75B9A /* chefer */,
				00E356ED1AD99517003FC87E /* cheferTests */,
			);
		};
/* End PBXProject section */

/* Begin PBXResourcesBuildPhase section */
		00E356EC1AD99517003FC87E /* Resources */ = {
			isa = PBXResourcesBuildPhase;
			buildActionMask = 2147483647;
			files = (
			);
			runOnlyForDeploymentPostprocessing = 0;
		};
		13B07F8E1A680F5B00A75B9A /* Resources */ = {
			isa = PBXResourcesBuildPhase;
			buildActionMask = 2147483647;
			files = (
				81AB9BB82411601600AC10FF /* LaunchScreen.storyboard in Resources */,
				13B07FBF1A68108700A75B9A /* Images.xcassets in Resources */,
				217F51F3B1DE4C5FB049E4C3 /* Cookie-Regular.ttf in Resources */,
				2F0ECE683C0142E083CC051A /* Bitter-Black.ttf in Resources */,
				296ABB6AF9FD4BB88550C2DB /* Bitter-BlackItalic.ttf in Resources */,
				52EB176856C249B4B3227DE6 /* Bitter-Bold.ttf in Resources */,
				F4684AA2587F4FBB9DBD5BF0 /* Bitter-BoldItalic.ttf in Resources */,
				D68E272EA9F5494885108559 /* Bitter-ExtraBold.ttf in Resources */,
				DC369D0ACA284804A194AA94 /* Bitter-ExtraBoldItalic.ttf in Resources */,
				25C49C6F2CFF4A2EB59FF539 /* Bitter-ExtraLight.ttf in Resources */,
				CAC5194DA3FA4038AFDA01F0 /* Bitter-ExtraLightItalic.ttf in Resources */,
				EA2247674D71418E97454519 /* Bitter-Italic.ttf in Resources */,
				A870C646CE6247AB8351F69C /* Bitter-Light.ttf in Resources */,
				4B48287E705B4EAB9E39780F /* Bitter-LightItalic.ttf in Resources */,
				5536D2FA19E943BC90E53057 /* Bitter-Medium.ttf in Resources */,
				C7B9D6E371804101BB87A835 /* Bitter-MediumItalic.ttf in Resources */,
				590383A557A14C72969AF429 /* Bitter-Regular.ttf in Resources */,
				ED0E36DCDEA04C01AF1F0E24 /* Bitter-SemiBold.ttf in Resources */,
				F1402F731AC948E68C93121F /* Bitter-SemiBoldItalic.ttf in Resources */,
				424A7DF3CB364D4F85174DD9 /* Bitter-Thin.ttf in Resources */,
				5791F8AD24FF4A629153C0D0 /* Bitter-ThinItalic.ttf in Resources */,
				A1ADC8874B0542DABD3CD14D /* PlayfairDisplay-Black.ttf in Resources */,
				2C3FDE4A136C4658A335146A /* PlayfairDisplay-BlackItalic.ttf in Resources */,
				032639754D7F4147A5BAB8F2 /* PlayfairDisplay-Bold.ttf in Resources */,
				5D3A558DC4A04E5D84A7FDC2 /* PlayfairDisplay-BoldItalic.ttf in Resources */,
				47BA9DD1D15B4A0B90722735 /* PlayfairDisplay-ExtraBold.ttf in Resources */,
				F8E96F2828A0489E93FA0A17 /* PlayfairDisplay-ExtraBoldItalic.ttf in Resources */,
				E444945EBC104CD5B6D1A828 /* PlayfairDisplay-Italic.ttf in Resources */,
				9AB156626C414C74A7ECD68A /* PlayfairDisplay-Medium.ttf in Resources */,
				02BA7AEA8B43472C92A6FB28 /* PlayfairDisplay-MediumItalic.ttf in Resources */,
				2EF091F3634E46D4BD6F6084 /* PlayfairDisplay-Regular.ttf in Resources */,
				A0A3414212C1456CAA7955B1 /* PlayfairDisplay-SemiBold.ttf in Resources */,
				B6DA55B50ACB4A539BE5CC59 /* PlayfairDisplay-SemiBoldItalic.ttf in Resources */,
				61F0E41712A2484C87161E19 /* chef_hat.png in Resources */,
			);
			runOnlyForDeploymentPostprocessing = 0;
		};
/* End PBXResourcesBuildPhase section */

/* Begin PBXShellScriptBuildPhase section */
		00DD1BFF1BD5951E006B06BC /* Bundle React Native code and images */ = {
			isa = PBXShellScriptBuildPhase;
			buildActionMask = 2147483647;
			files = (
			);
			inputPaths = (
				"$(SRCROOT)/.xcode.env.local",
				"$(SRCROOT)/.xcode.env",
			);
			name = "Bundle React Native code and images";
			outputPaths = (
			);
			runOnlyForDeploymentPostprocessing = 0;
			shellPath = /bin/sh;
			shellScript = "set -e\n\nWITH_ENVIRONMENT=\"../node_modules/react-native/scripts/xcode/with-environment.sh\"\nREACT_NATIVE_XCODE=\"../node_modules/react-native/scripts/react-native-xcode.sh\"\n\n/bin/sh -c \"$WITH_ENVIRONMENT $REACT_NATIVE_XCODE\"\n";
		};
		00EEFC60759A1932668264C0 /* [CP] Embed Pods Frameworks */ = {
			isa = PBXShellScriptBuildPhase;
			buildActionMask = 2147483647;
			files = (
			);
			inputFileListPaths = (
				"${PODS_ROOT}/Target Support Files/Pods-chefer/Pods-chefer-frameworks-${CONFIGURATION}-input-files.xcfilelist",
			);
			name = "[CP] Embed Pods Frameworks";
			outputFileListPaths = (
				"${PODS_ROOT}/Target Support Files/Pods-chefer/Pods-chefer-frameworks-${CONFIGURATION}-output-files.xcfilelist",
			);
			runOnlyForDeploymentPostprocessing = 0;
			shellPath = /bin/sh;
			shellScript = "\"${PODS_ROOT}/Target Support Files/Pods-chefer/Pods-chefer-frameworks.sh\"\n";
			showEnvVarsInLog = 0;
		};
		A55EABD7B0C7F3A422A6CC61 /* [CP] Check Pods Manifest.lock */ = {
			isa = PBXShellScriptBuildPhase;
			buildActionMask = 2147483647;
			files = (
			);
			inputFileListPaths = (
			);
			inputPaths = (
				"${PODS_PODFILE_DIR_PATH}/Podfile.lock",
				"${PODS_ROOT}/Manifest.lock",
			);
			name = "[CP] Check Pods Manifest.lock";
			outputFileListPaths = (
			);
			outputPaths = (
				"$(DERIVED_FILE_DIR)/Pods-chefer-cheferTests-checkManifestLockResult.txt",
			);
			runOnlyForDeploymentPostprocessing = 0;
			shellPath = /bin/sh;
			shellScript = "diff \"${PODS_PODFILE_DIR_PATH}/Podfile.lock\" \"${PODS_ROOT}/Manifest.lock\" > /dev/null\nif [ $? != 0 ] ; then\n    # print error to STDERR\n    echo \"error: The sandbox is not in sync with the Podfile.lock. Run 'pod install' or update your CocoaPods installation.\" >&2\n    exit 1\nfi\n# This output is used by Xcode 'outputs' to avoid re-running this script phase.\necho \"SUCCESS\" > \"${SCRIPT_OUTPUT_FILE_0}\"\n";
			showEnvVarsInLog = 0;
		};
		C38B50BA6285516D6DCD4F65 /* [CP] Check Pods Manifest.lock */ = {
			isa = PBXShellScriptBuildPhase;
			buildActionMask = 2147483647;
			files = (
			);
			inputFileListPaths = (
			);
			inputPaths = (
				"${PODS_PODFILE_DIR_PATH}/Podfile.lock",
				"${PODS_ROOT}/Manifest.lock",
			);
			name = "[CP] Check Pods Manifest.lock";
			outputFileListPaths = (
			);
			outputPaths = (
				"$(DERIVED_FILE_DIR)/Pods-chefer-checkManifestLockResult.txt",
			);
			runOnlyForDeploymentPostprocessing = 0;
			shellPath = /bin/sh;
			shellScript = "diff \"${PODS_PODFILE_DIR_PATH}/Podfile.lock\" \"${PODS_ROOT}/Manifest.lock\" > /dev/null\nif [ $? != 0 ] ; then\n    # print error to STDERR\n    echo \"error: The sandbox is not in sync with the Podfile.lock. Run 'pod install' or update your CocoaPods installation.\" >&2\n    exit 1\nfi\n# This output is used by Xcode 'outputs' to avoid re-running this script phase.\necho \"SUCCESS\" > \"${SCRIPT_OUTPUT_FILE_0}\"\n";
			showEnvVarsInLog = 0;
		};
		C59DA0FBD6956966B86A3779 /* [CP] Embed Pods Frameworks */ = {
			isa = PBXShellScriptBuildPhase;
			buildActionMask = 2147483647;
			files = (
			);
			inputFileListPaths = (
				"${PODS_ROOT}/Target Support Files/Pods-chefer-cheferTests/Pods-chefer-cheferTests-frameworks-${CONFIGURATION}-input-files.xcfilelist",
			);
			name = "[CP] Embed Pods Frameworks";
			outputFileListPaths = (
				"${PODS_ROOT}/Target Support Files/Pods-chefer-cheferTests/Pods-chefer-cheferTests-frameworks-${CONFIGURATION}-output-files.xcfilelist",
			);
			runOnlyForDeploymentPostprocessing = 0;
			shellPath = /bin/sh;
			shellScript = "\"${PODS_ROOT}/Target Support Files/Pods-chefer-cheferTests/Pods-chefer-cheferTests-frameworks.sh\"\n";
			showEnvVarsInLog = 0;
		};
		E235C05ADACE081382539298 /* [CP] Copy Pods Resources */ = {
			isa = PBXShellScriptBuildPhase;
			buildActionMask = 2147483647;
			files = (
			);
			inputFileListPaths = (
				"${PODS_ROOT}/Target Support Files/Pods-chefer/Pods-chefer-resources-${CONFIGURATION}-input-files.xcfilelist",
			);
			name = "[CP] Copy Pods Resources";
			outputFileListPaths = (
				"${PODS_ROOT}/Target Support Files/Pods-chefer/Pods-chefer-resources-${CONFIGURATION}-output-files.xcfilelist",
			);
			runOnlyForDeploymentPostprocessing = 0;
			shellPath = /bin/sh;
			shellScript = "\"${PODS_ROOT}/Target Support Files/Pods-chefer/Pods-chefer-resources.sh\"\n";
			showEnvVarsInLog = 0;
		};
		F6A41C54EA430FDDC6A6ED99 /* [CP] Copy Pods Resources */ = {
			isa = PBXShellScriptBuildPhase;
			buildActionMask = 2147483647;
			files = (
			);
			inputFileListPaths = (
				"${PODS_ROOT}/Target Support Files/Pods-chefer-cheferTests/Pods-chefer-cheferTests-resources-${CONFIGURATION}-input-files.xcfilelist",
			);
			name = "[CP] Copy Pods Resources";
			outputFileListPaths = (
				"${PODS_ROOT}/Target Support Files/Pods-chefer-cheferTests/Pods-chefer-cheferTests-resources-${CONFIGURATION}-output-files.xcfilelist",
			);
			runOnlyForDeploymentPostprocessing = 0;
			shellPath = /bin/sh;
			shellScript = "\"${PODS_ROOT}/Target Support Files/Pods-chefer-cheferTests/Pods-chefer-cheferTests-resources.sh\"\n";
			showEnvVarsInLog = 0;
		};
		FD10A7F022414F080027D42C /* Start Packager */ = {
			isa = PBXShellScriptBuildPhase;
			buildActionMask = 2147483647;
			files = (
			);
			inputFileListPaths = (
			);
			inputPaths = (
			);
			name = "Start Packager";
			outputFileListPaths = (
			);
			outputPaths = (
			);
			runOnlyForDeploymentPostprocessing = 0;
			shellPath = /bin/sh;
			shellScript = "export RCT_METRO_PORT=\"${RCT_METRO_PORT:=8081}\"\necho \"export RCT_METRO_PORT=${RCT_METRO_PORT}\" > \"${SRCROOT}/../node_modules/react-native/scripts/.packager.env\"\nif [ -z \"${RCT_NO_LAUNCH_PACKAGER+xxx}\" ] ; then\n  if nc -w 5 -z localhost ${RCT_METRO_PORT} ; then\n    if ! curl -s \"http://localhost:${RCT_METRO_PORT}/status\" | grep -q \"packager-status:running\" ; then\n      echo \"Port ${RCT_METRO_PORT} already in use, packager is either not running or not running correctly\"\n      exit 2\n    fi\n  else\n    open \"$SRCROOT/../node_modules/react-native/scripts/launchPackager.command\" || echo \"Can't start packager automatically\"\n  fi\nfi\n";
			showEnvVarsInLog = 0;
		};
/* End PBXShellScriptBuildPhase section */

/* Begin PBXSourcesBuildPhase section */
		00E356EA1AD99517003FC87E /* Sources */ = {
			isa = PBXSourcesBuildPhase;
			buildActionMask = 2147483647;
			files = (
				00E356F31AD99517003FC87E /* cheferTests.m in Sources */,
			);
			runOnlyForDeploymentPostprocessing = 0;
		};
		13B07F871A680F5B00A75B9A /* Sources */ = {
			isa = PBXSourcesBuildPhase;
			buildActionMask = 2147483647;
			files = (
				13B07FBC1A68108700A75B9A /* AppDelegate.mm in Sources */,
				13B07FC11A68108700A75B9A /* main.m in Sources */,
			);
			runOnlyForDeploymentPostprocessing = 0;
		};
/* End PBXSourcesBuildPhase section */

/* Begin PBXTargetDependency section */
		00E356F51AD99517003FC87E /* PBXTargetDependency */ = {
			isa = PBXTargetDependency;
			target = 13B07F861A680F5B00A75B9A /* chefer */;
			targetProxy = 00E356F41AD99517003FC87E /* PBXContainerItemProxy */;
		};
/* End PBXTargetDependency section */

/* Begin XCBuildConfiguration section */
		00E356F61AD99517003FC87E /* Debug */ = {
			isa = XCBuildConfiguration;
			baseConfigurationReference = 5B7EB9410499542E8C5724F5 /* Pods-chefer-cheferTests.debug.xcconfig */;
			buildSettings = {
				BUNDLE_LOADER = "$(TEST_HOST)";
				GCC_PREPROCESSOR_DEFINITIONS = (
					"DEBUG=1",
					"$(inherited)",
				);
				INFOPLIST_FILE = cheferTests/Info.plist;
				IPHONEOS_DEPLOYMENT_TARGET = 12.4;
				LD_RUNPATH_SEARCH_PATHS = (
					"$(inherited)",
					"@executable_path/Frameworks",
					"@loader_path/Frameworks",
				);
				OTHER_LDFLAGS = (
					"-ObjC",
					"-lc++",
					"$(inherited)",
				);
				PRODUCT_BUNDLE_IDENTIFIER = "org.reactjs.native.example.$(PRODUCT_NAME:rfc1034identifier)";
				PRODUCT_NAME = "$(TARGET_NAME)";
				TEST_HOST = "$(BUILT_PRODUCTS_DIR)/chefer.app/chefer";
			};
			name = Debug;
		};
		00E356F71AD99517003FC87E /* Release */ = {
			isa = XCBuildConfiguration;
			baseConfigurationReference = 89C6BE57DB24E9ADA2F236DE /* Pods-chefer-cheferTests.release.xcconfig */;
			buildSettings = {
				BUNDLE_LOADER = "$(TEST_HOST)";
				COPY_PHASE_STRIP = NO;
				INFOPLIST_FILE = cheferTests/Info.plist;
				IPHONEOS_DEPLOYMENT_TARGET = 12.4;
				LD_RUNPATH_SEARCH_PATHS = (
					"$(inherited)",
					"@executable_path/Frameworks",
					"@loader_path/Frameworks",
				);
				OTHER_LDFLAGS = (
					"-ObjC",
					"-lc++",
					"$(inherited)",
				);
				PRODUCT_BUNDLE_IDENTIFIER = "org.reactjs.native.example.$(PRODUCT_NAME:rfc1034identifier)";
				PRODUCT_NAME = "$(TARGET_NAME)";
				TEST_HOST = "$(BUILT_PRODUCTS_DIR)/chefer.app/chefer";
			};
			name = Release;
		};
		13B07F941A680F5B00A75B9A /* Debug */ = {
			isa = XCBuildConfiguration;
			baseConfigurationReference = 3B4392A12AC88292D35C810B /* Pods-chefer.debug.xcconfig */;
			buildSettings = {
				ASSETCATALOG_COMPILER_APPICON_NAME = AppIcon;
				CLANG_ENABLE_MODULES = YES;
				CURRENT_PROJECT_VERSION = 1;
				ENABLE_BITCODE = NO;
				INFOPLIST_FILE = chefer/Info.plist;
				LD_RUNPATH_SEARCH_PATHS = (
					"$(inherited)",
					"@executable_path/Frameworks",
				);
				MARKETING_VERSION = 1.0;
				OTHER_LDFLAGS = (
					"$(inherited)",
					"-ObjC",
					"-lc++",
				);
				PRODUCT_BUNDLE_IDENTIFIER = "org.reactjs.native.example.$(PRODUCT_NAME:rfc1034identifier)";
				PRODUCT_NAME = chefer;
				SWIFT_OPTIMIZATION_LEVEL = "-Onone";
				SWIFT_VERSION = 5.0;
				VERSIONING_SYSTEM = "apple-generic";
			};
			name = Debug;
		};
		13B07F951A680F5B00A75B9A /* Release */ = {
			isa = XCBuildConfiguration;
			baseConfigurationReference = 5709B34CF0A7D63546082F79 /* Pods-chefer.release.xcconfig */;
			buildSettings = {
				ASSETCATALOG_COMPILER_APPICON_NAME = AppIcon;
				CLANG_ENABLE_MODULES = YES;
				CURRENT_PROJECT_VERSION = 1;
				INFOPLIST_FILE = chefer/Info.plist;
				LD_RUNPATH_SEARCH_PATHS = (
					"$(inherited)",
					"@executable_path/Frameworks",
				);
				MARKETING_VERSION = 1.0;
				OTHER_LDFLAGS = (
					"$(inherited)",
					"-ObjC",
					"-lc++",
				);
				PRODUCT_BUNDLE_IDENTIFIER = "org.reactjs.native.example.$(PRODUCT_NAME:rfc1034identifier)";
				PRODUCT_NAME = chefer;
				SWIFT_VERSION = 5.0;
				VERSIONING_SYSTEM = "apple-generic";
			};
			name = Release;
		};
		83CBBA201A601CBA00E9B192 /* Debug */ = {
			isa = XCBuildConfiguration;
			buildSettings = {
				ALWAYS_SEARCH_USER_PATHS = NO;
				CLANG_ANALYZER_LOCALIZABILITY_NONLOCALIZED = YES;
				CLANG_CXX_LANGUAGE_STANDARD = "c++17";
				CLANG_CXX_LIBRARY = "libc++";
				CLANG_ENABLE_MODULES = YES;
				CLANG_ENABLE_OBJC_ARC = YES;
				CLANG_WARN_BLOCK_CAPTURE_AUTORELEASING = YES;
				CLANG_WARN_BOOL_CONVERSION = YES;
				CLANG_WARN_COMMA = YES;
				CLANG_WARN_CONSTANT_CONVERSION = YES;
				CLANG_WARN_DEPRECATED_OBJC_IMPLEMENTATIONS = YES;
				CLANG_WARN_DIRECT_OBJC_ISA_USAGE = YES_ERROR;
				CLANG_WARN_EMPTY_BODY = YES;
				CLANG_WARN_ENUM_CONVERSION = YES;
				CLANG_WARN_INFINITE_RECURSION = YES;
				CLANG_WARN_INT_CONVERSION = YES;
				CLANG_WARN_NON_LITERAL_NULL_CONVERSION = YES;
				CLANG_WARN_OBJC_IMPLICIT_RETAIN_SELF = YES;
				CLANG_WARN_OBJC_LITERAL_CONVERSION = YES;
				CLANG_WARN_OBJC_ROOT_CLASS = YES_ERROR;
				CLANG_WARN_QUOTED_INCLUDE_IN_FRAMEWORK_HEADER = YES;
				CLANG_WARN_RANGE_LOOP_ANALYSIS = YES;
				CLANG_WARN_STRICT_PROTOTYPES = YES;
				CLANG_WARN_SUSPICIOUS_MOVE = YES;
				CLANG_WARN_UNREACHABLE_CODE = YES;
				CLANG_WARN__DUPLICATE_METHOD_MATCH = YES;
				"CODE_SIGN_IDENTITY[sdk=iphoneos*]" = "iPhone Developer";
				COPY_PHASE_STRIP = NO;
				ENABLE_STRICT_OBJC_MSGSEND = YES;
				ENABLE_TESTABILITY = YES;
				"EXCLUDED_ARCHS[sdk=iphonesimulator*]" = "";
				GCC_C_LANGUAGE_STANDARD = gnu99;
				GCC_DYNAMIC_NO_PIC = NO;
				GCC_NO_COMMON_BLOCKS = YES;
				GCC_OPTIMIZATION_LEVEL = 0;
				GCC_PREPROCESSOR_DEFINITIONS = (
					"DEBUG=1",
					"$(inherited)",
				);
				GCC_SYMBOLS_PRIVATE_EXTERN = NO;
				GCC_WARN_64_TO_32_BIT_CONVERSION = YES;
				GCC_WARN_ABOUT_RETURN_TYPE = YES_ERROR;
				GCC_WARN_UNDECLARED_SELECTOR = YES;
				GCC_WARN_UNINITIALIZED_AUTOS = YES_AGGRESSIVE;
				GCC_WARN_UNUSED_FUNCTION = YES;
				GCC_WARN_UNUSED_VARIABLE = YES;
				IPHONEOS_DEPLOYMENT_TARGET = 12.4;
				LD_RUNPATH_SEARCH_PATHS = (
					/usr/lib/swift,
					"$(inherited)",
				);
				LIBRARY_SEARCH_PATHS = (
					"\"$(SDKROOT)/usr/lib/swift\"",
					"\"$(TOOLCHAIN_DIR)/usr/lib/swift/$(PLATFORM_NAME)\"",
					"\"$(inherited)\"",
				);
				MTL_ENABLE_DEBUG_INFO = YES;
				ONLY_ACTIVE_ARCH = YES;
				OTHER_CPLUSPLUSFLAGS = (
					"$(OTHER_CFLAGS)",
					"-DFOLLY_NO_CONFIG",
					"-DFOLLY_MOBILE=1",
					"-DFOLLY_USE_LIBCPP=1",
				);
				SDKROOT = iphoneos;
			};
			name = Debug;
		};
		83CBBA211A601CBA00E9B192 /* Release */ = {
			isa = XCBuildConfiguration;
			buildSettings = {
				ALWAYS_SEARCH_USER_PATHS = NO;
				CLANG_ANALYZER_LOCALIZABILITY_NONLOCALIZED = YES;
				CLANG_CXX_LANGUAGE_STANDARD = "c++17";
				CLANG_CXX_LIBRARY = "libc++";
				CLANG_ENABLE_MODULES = YES;
				CLANG_ENABLE_OBJC_ARC = YES;
				CLANG_WARN_BLOCK_CAPTURE_AUTORELEASING = YES;
				CLANG_WARN_BOOL_CONVERSION = YES;
				CLANG_WARN_COMMA = YES;
				CLANG_WARN_CONSTANT_CONVERSION = YES;
				CLANG_WARN_DEPRECATED_OBJC_IMPLEMENTATIONS = YES;
				CLANG_WARN_DIRECT_OBJC_ISA_USAGE = YES_ERROR;
				CLANG_WARN_EMPTY_BODY = YES;
				CLANG_WARN_ENUM_CONVERSION = YES;
				CLANG_WARN_INFINITE_RECURSION = YES;
				CLANG_WARN_INT_CONVERSION = YES;
				CLANG_WARN_NON_LITERAL_NULL_CONVERSION = YES;
				CLANG_WARN_OBJC_IMPLICIT_RETAIN_SELF = YES;
				CLANG_WARN_OBJC_LITERAL_CONVERSION = YES;
				CLANG_WARN_OBJC_ROOT_CLASS = YES_ERROR;
				CLANG_WARN_QUOTED_INCLUDE_IN_FRAMEWORK_HEADER = YES;
				CLANG_WARN_RANGE_LOOP_ANALYSIS = YES;
				CLANG_WARN_STRICT_PROTOTYPES = YES;
				CLANG_WARN_SUSPICIOUS_MOVE = YES;
				CLANG_WARN_UNREACHABLE_CODE = YES;
				CLANG_WARN__DUPLICATE_METHOD_MATCH = YES;
				"CODE_SIGN_IDENTITY[sdk=iphoneos*]" = "iPhone Developer";
				COPY_PHASE_STRIP = YES;
				ENABLE_NS_ASSERTIONS = NO;
				ENABLE_STRICT_OBJC_MSGSEND = YES;
				"EXCLUDED_ARCHS[sdk=iphonesimulator*]" = "";
				GCC_C_LANGUAGE_STANDARD = gnu99;
				GCC_NO_COMMON_BLOCKS = YES;
				GCC_WARN_64_TO_32_BIT_CONVERSION = YES;
				GCC_WARN_ABOUT_RETURN_TYPE = YES_ERROR;
				GCC_WARN_UNDECLARED_SELECTOR = YES;
				GCC_WARN_UNINITIALIZED_AUTOS = YES_AGGRESSIVE;
				GCC_WARN_UNUSED_FUNCTION = YES;
				GCC_WARN_UNUSED_VARIABLE = YES;
				IPHONEOS_DEPLOYMENT_TARGET = 12.4;
				LD_RUNPATH_SEARCH_PATHS = (
					/usr/lib/swift,
					"$(inherited)",
				);
				LIBRARY_SEARCH_PATHS = (
					"\"$(SDKROOT)/usr/lib/swift\"",
					"\"$(TOOLCHAIN_DIR)/usr/lib/swift/$(PLATFORM_NAME)\"",
					"\"$(inherited)\"",
				);
				MTL_ENABLE_DEBUG_INFO = NO;
				OTHER_CPLUSPLUSFLAGS = (
					"$(OTHER_CFLAGS)",
					"-DFOLLY_NO_CONFIG",
					"-DFOLLY_MOBILE=1",
					"-DFOLLY_USE_LIBCPP=1",
				);
				SDKROOT = iphoneos;
				VALIDATE_PRODUCT = YES;
			};
			name = Release;
		};
/* End XCBuildConfiguration section */

/* Begin XCConfigurationList section */
		00E357021AD99517003FC87E /* Build configuration list for PBXNativeTarget "cheferTests" */ = {
			isa = XCConfigurationList;
			buildConfigurations = (
				00E356F61AD99517003FC87E /* Debug */,
				00E356F71AD99517003FC87E /* Release */,
			);
			defaultConfigurationIsVisible = 0;
			defaultConfigurationName = Release;
		};
		13B07F931A680F5B00A75B9A /* Build configuration list for PBXNativeTarget "chefer" */ = {
			isa = XCConfigurationList;
			buildConfigurations = (
				13B07F941A680F5B00A75B9A /* Debug */,
				13B07F951A680F5B00A75B9A /* Release */,
			);
			defaultConfigurationIsVisible = 0;
			defaultConfigurationName = Release;
		};
		83CBB9FA1A601CBA00E9B192 /* Build configuration list for PBXProject "chefer" */ = {
			isa = XCConfigurationList;
			buildConfigurations = (
				83CBBA201A601CBA00E9B192 /* Debug */,
				83CBBA211A601CBA00E9B192 /* Release */,
			);
			defaultConfigurationIsVisible = 0;
			defaultConfigurationName = Release;
		};
/* End XCConfigurationList section */
	};
	rootObject = 83CBB9F71A601CBA00E9B192 /* Project object */;
}
